
Microsoft Visual Studio Solution File, Format Version 12.00
# Visual Studio Version 17
VisualStudioVersion = 17.14.36414.22
MinimumVisualStudioVersion = 10.0.40219.1
Project("{FAE04EC0-301F-11D3-BF4B-00C04F79EFBC}") = "Clinica_de_salud", "Clinica_de_salud\Clinica_de_salud.csproj", "{4755C9C7-EC28-4F6A-8F2F-0AF460DAFE01}"
EndProject
Global
	GlobalSection(SolutionConfigurationPlatforms) = preSolution
		Debug|Any CPU = Debug|Any CPU
		Release|Any CPU = Release|Any CPU
	EndGlobalSection
	GlobalSection(ProjectConfigurationPlatforms) = postSolution
		{4755C9C7-EC28-4F6A-8F2F-0AF460DAFE01}.Debug|Any CPU.ActiveCfg = Debug|Any CPU
		{4755C9C7-EC28-4F6A-8F2F-0AF460DAFE01}.Debug|Any CPU.Build.0 = Debug|Any CPU
		{4755C9C7-EC28-4F6A-8F2F-0AF460DAFE01}.Release|Any CPU.ActiveCfg = Release|Any CPU
		{4755C9C7-EC28-4F6A-8F2F-0AF460DAFE01}.Release|Any CPU.Build.0 = Release|Any CPU
	EndGlobalSection
	GlobalSection(SolutionProperties) = preSolution
		HideSolutionNode = FALSE
	EndGlobalSection
	GlobalSection(ExtensibilityGlobals) = postSolution
		SolutionGuid = {DAFB1CCC-1E77-4977-9D30-C869B16E99B6}
	EndGlobalSection
EndGlobal
